
Microsoft Visual Studio Solution File, Format Version 12.00
# Visual Studio Version 17
VisualStudioVersion = 17.4.33110.190
MinimumVisualStudioVersion = 10.0.40219.1
Project("{FAE04EC0-301F-11D3-BF4B-00C04F79EFBC}") = "Bejewelled", "Bejewelled\Bejewelled.csproj", "{7CFBA2D0-B79B-4547-BBAF-D8868ED10257}"
EndProject
Global
	GlobalSection(SolutionConfigurationPlatforms) = preSolution
		Debug|Any CPU = Debug|Any CPU
		Release|Any CPU = Release|Any CPU
	EndGlobalSection
	GlobalSection(ProjectConfigurationPlatforms) = postSolution
		{7CFBA2D0-B79B-4547-BBAF-D8868ED10257}.Debug|Any CPU.ActiveCfg = Debug|Any CPU
		{7CFBA2D0-B79B-4547-BBAF-D8868ED10257}.Debug|Any CPU.Build.0 = Debug|Any CPU
		{7CFBA2D0-B79B-4547-BBAF-D8868ED10257}.Release|Any CPU.ActiveCfg = Release|Any CPU
		{7CFBA2D0-B79B-4547-BBAF-D8868ED10257}.Release|Any CPU.Build.0 = Release|Any CPU
	EndGlobalSection
	GlobalSection(SolutionProperties) = preSolution
		HideSolutionNode = FALSE
	EndGlobalSection
	GlobalSection(ExtensibilityGlobals) = postSolution
		SolutionGuid = {8A580B1B-8FFD-481A-878B-F376197F2AE9}
	EndGlobalSection
EndGlobal
