
Microsoft Visual Studio Solution File, Format Version 12.00
# Visual Studio Version 16
VisualStudioVersion = 16.0.29609.76
MinimumVisualStudioVersion = 10.0.40219.1
Project("{FAE04EC0-301F-11D3-BF4B-00C04F79EFBC}") = "Practical", "Practical\Practical.csproj", "{5A68ACA2-0652-4F81-93E6-C2B4C166CB0D}"
EndProject
Global
	GlobalSection(SolutionConfigurationPlatforms) = preSolution
		Debug|Any CPU = Debug|Any CPU
		Release|Any CPU = Release|Any CPU
	EndGlobalSection
	GlobalSection(ProjectConfigurationPlatforms) = postSolution
		{5A68ACA2-0652-4F81-93E6-C2B4C166CB0D}.Debug|Any CPU.ActiveCfg = Debug|Any CPU
		{5A68ACA2-0652-4F81-93E6-C2B4C166CB0D}.Debug|Any CPU.Build.0 = Debug|Any CPU
		{5A68ACA2-0652-4F81-93E6-C2B4C166CB0D}.Release|Any CPU.ActiveCfg = Release|Any CPU
		{5A68ACA2-0652-4F81-93E6-C2B4C166CB0D}.Release|Any CPU.Build.0 = Release|Any CPU
	EndGlobalSection
	GlobalSection(SolutionProperties) = preSolution
		HideSolutionNode = FALSE
	EndGlobalSection
	GlobalSection(ExtensibilityGlobals) = postSolution
		SolutionGuid = {7F2C0911-1E68-4173-89B7-8B3A0AD77EFA}
	EndGlobalSection
EndGlobal
