
Microsoft Visual Studio Solution File, Format Version 12.00
# Visual Studio Version 16
VisualStudioVersion = 16.0.29609.76
MinimumVisualStudioVersion = 10.0.40219.1
Project("{FAE04EC0-301F-11D3-BF4B-00C04F79EFBC}") = "Practical", "Practical\Practical.csproj", "{EE67DC0A-5223-4624-9996-9B2F8171727A}"
EndProject
Global
	GlobalSection(SolutionConfigurationPlatforms) = preSolution
		Debug|Any CPU = Debug|Any CPU
		Release|Any CPU = Release|Any CPU
	EndGlobalSection
	GlobalSection(ProjectConfigurationPlatforms) = postSolution
		{EE67DC0A-5223-4624-9996-9B2F8171727A}.Debug|Any CPU.ActiveCfg = Debug|Any CPU
		{EE67DC0A-5223-4624-9996-9B2F8171727A}.Debug|Any CPU.Build.0 = Debug|Any CPU
		{EE67DC0A-5223-4624-9996-9B2F8171727A}.Release|Any CPU.ActiveCfg = Release|Any CPU
		{EE67DC0A-5223-4624-9996-9B2F8171727A}.Release|Any CPU.Build.0 = Release|Any CPU
	EndGlobalSection
	GlobalSection(SolutionProperties) = preSolution
		HideSolutionNode = FALSE
	EndGlobalSection
	GlobalSection(ExtensibilityGlobals) = postSolution
		SolutionGuid = {5F09C0C3-5568-4A5B-824F-1A8C49C75366}
	EndGlobalSection
EndGlobal
