
Microsoft Visual Studio Solution File, Format Version 12.00
# Visual Studio Version 17
VisualStudioVersion = 17.4.33110.190
MinimumVisualStudioVersion = 10.0.40219.1
Project("{FAE04EC0-301F-11D3-BF4B-00C04F79EFBC}") = "Trees redo", "Trees redo\Trees redo.csproj", "{988EC118-BE9D-44C1-889B-7629B8525C43}"
EndProject
Global
	GlobalSection(SolutionConfigurationPlatforms) = preSolution
		Debug|Any CPU = Debug|Any CPU
		Release|Any CPU = Release|Any CPU
	EndGlobalSection
	GlobalSection(ProjectConfigurationPlatforms) = postSolution
		{988EC118-BE9D-44C1-889B-7629B8525C43}.Debug|Any CPU.ActiveCfg = Debug|Any CPU
		{988EC118-BE9D-44C1-889B-7629B8525C43}.Debug|Any CPU.Build.0 = Debug|Any CPU
		{988EC118-BE9D-44C1-889B-7629B8525C43}.Release|Any CPU.ActiveCfg = Release|Any CPU
		{988EC118-BE9D-44C1-889B-7629B8525C43}.Release|Any CPU.Build.0 = Release|Any CPU
	EndGlobalSection
	GlobalSection(SolutionProperties) = preSolution
		HideSolutionNode = FALSE
	EndGlobalSection
	GlobalSection(ExtensibilityGlobals) = postSolution
		SolutionGuid = {A0652DF4-68F3-4870-9A4D-433F666616C9}
	EndGlobalSection
EndGlobal
