
Microsoft Visual Studio Solution File, Format Version 12.00
# Visual Studio 15
VisualStudioVersion = 15.0.27004.2010
MinimumVisualStudioVersion = 10.0.40219.1
Project("{FAE04EC0-301F-11D3-BF4B-00C04F79EFBC}") = "PracticalTest3", "PracticalTest3\PracticalTest3.csproj", "{6CDC14BC-BD6A-4E62-96EF-C47F6AC8F90B}"
EndProject
Global
	GlobalSection(SolutionConfigurationPlatforms) = preSolution
		Debug|Any CPU = Debug|Any CPU
		Release|Any CPU = Release|Any CPU
	EndGlobalSection
	GlobalSection(ProjectConfigurationPlatforms) = postSolution
		{6CDC14BC-BD6A-4E62-96EF-C47F6AC8F90B}.Debug|Any CPU.ActiveCfg = Debug|Any CPU
		{6CDC14BC-BD6A-4E62-96EF-C47F6AC8F90B}.Debug|Any CPU.Build.0 = Debug|Any CPU
		{6CDC14BC-BD6A-4E62-96EF-C47F6AC8F90B}.Release|Any CPU.ActiveCfg = Release|Any CPU
		{6CDC14BC-BD6A-4E62-96EF-C47F6AC8F90B}.Release|Any CPU.Build.0 = Release|Any CPU
	EndGlobalSection
	GlobalSection(SolutionProperties) = preSolution
		HideSolutionNode = FALSE
	EndGlobalSection
	GlobalSection(ExtensibilityGlobals) = postSolution
		SolutionGuid = {8D58DE31-B1F2-4756-B105-E4C7458C822D}
	EndGlobalSection
EndGlobal
