
Microsoft Visual Studio Solution File, Format Version 12.00
# Visual Studio Version 17
VisualStudioVersion = 17.4.33110.190
MinimumVisualStudioVersion = 10.0.40219.1
Project("{FAE04EC0-301F-11D3-BF4B-00C04F79EFBC}") = "Bio Fuel Pump Simulator", "Bio Fuel Pump Simulator\Bio Fuel Pump Simulator.csproj", "{22DF80B2-8855-4BDA-A677-BAC52692B80C}"
EndProject
Global
	GlobalSection(SolutionConfigurationPlatforms) = preSolution
		Debug|Any CPU = Debug|Any CPU
		Release|Any CPU = Release|Any CPU
	EndGlobalSection
	GlobalSection(ProjectConfigurationPlatforms) = postSolution
		{22DF80B2-8855-4BDA-A677-BAC52692B80C}.Debug|Any CPU.ActiveCfg = Debug|Any CPU
		{22DF80B2-8855-4BDA-A677-BAC52692B80C}.Debug|Any CPU.Build.0 = Debug|Any CPU
		{22DF80B2-8855-4BDA-A677-BAC52692B80C}.Release|Any CPU.ActiveCfg = Release|Any CPU
		{22DF80B2-8855-4BDA-A677-BAC52692B80C}.Release|Any CPU.Build.0 = Release|Any CPU
	EndGlobalSection
	GlobalSection(SolutionProperties) = preSolution
		HideSolutionNode = FALSE
	EndGlobalSection
	GlobalSection(ExtensibilityGlobals) = postSolution
		SolutionGuid = {91543B92-775C-4C72-8854-3F03674B2934}
	EndGlobalSection
EndGlobal
